
Microsoft Visual Studio Solution File, Format Version 12.00
# Visual Studio Version 17
VisualStudioVersion = 17.2.32616.157
MinimumVisualStudioVersion = 10.0.40219.1
Project("{FAE04EC0-301F-11D3-BF4B-00C04F79EFBC}") = "HW4 IAC", "HW4 IAC\HW4 IAC.csproj", "{45AB947A-A648-4D42-9C00-4DD604917C93}"
EndProject
Global
	GlobalSection(SolutionConfigurationPlatforms) = preSolution
		Debug|Any CPU = Debug|Any CPU
		Release|Any CPU = Release|Any CPU
	EndGlobalSection
	GlobalSection(ProjectConfigurationPlatforms) = postSolution
		{45AB947A-A648-4D42-9C00-4DD604917C93}.Debug|Any CPU.ActiveCfg = Debug|Any CPU
		{45AB947A-A648-4D42-9C00-4DD604917C93}.Debug|Any CPU.Build.0 = Debug|Any CPU
		{45AB947A-A648-4D42-9C00-4DD604917C93}.Release|Any CPU.ActiveCfg = Release|Any CPU
		{45AB947A-A648-4D42-9C00-4DD604917C93}.Release|Any CPU.Build.0 = Release|Any CPU
	EndGlobalSection
	GlobalSection(SolutionProperties) = preSolution
		HideSolutionNode = FALSE
	EndGlobalSection
	GlobalSection(ExtensibilityGlobals) = postSolution
		SolutionGuid = {53F896B9-9DB2-46A4-BC81-52E9DB7344D3}
	EndGlobalSection
EndGlobal
